
Microsoft Visual Studio Solution File, Format Version 12.00
# Visual Studio 14
VisualStudioVersion = 14.0.24720.0
MinimumVisualStudioVersion = 10.0.40219.1
Project("{FAE04EC0-301F-11D3-BF4B-00C04F79EFBC}") = "SchoolPort", "SchoolPort\SchoolPort.csproj", "{B85F81A5-65F8-49EF-A04B-0941DD8482EB}"
EndProject
Project("{FAE04EC0-301F-11D3-BF4B-00C04F79EFBC}") = "UnitTestAskForLogin", "UnitTestLoginCheck\UnitTestAskForLogin.csproj", "{B95D780F-103E-4AB9-8822-30027691170E}"
EndProject
Project("{FAE04EC0-301F-11D3-BF4B-00C04F79EFBC}") = "UnitTestCheckLogin", "UnitTestCheckLogin\UnitTestCheckLogin.csproj", "{54A28C6C-DB79-44DE-8BDA-86B4C5081269}"
EndProject
Project("{FAE04EC0-301F-11D3-BF4B-00C04F79EFBC}") = "UnitTestCreate", "UnitTestCreate\UnitTestCreate.csproj", "{081B8EEA-BAA6-4CFE-AF98-12672E06DC8B}"
EndProject
Project("{FAE04EC0-301F-11D3-BF4B-00C04F79EFBC}") = "UnitTestDelete", "UnitTestDelete\UnitTestDelete.csproj", "{055805F5-AD26-427E-905A-143E968F012D}"
EndProject
Global
	GlobalSection(SolutionConfigurationPlatforms) = preSolution
		Debug|Any CPU = Debug|Any CPU
		Release|Any CPU = Release|Any CPU
	EndGlobalSection
	GlobalSection(ProjectConfigurationPlatforms) = postSolution
		{B85F81A5-65F8-49EF-A04B-0941DD8482EB}.Debug|Any CPU.ActiveCfg = Debug|Any CPU
		{B85F81A5-65F8-49EF-A04B-0941DD8482EB}.Debug|Any CPU.Build.0 = Debug|Any CPU
		{B85F81A5-65F8-49EF-A04B-0941DD8482EB}.Release|Any CPU.ActiveCfg = Release|Any CPU
		{B85F81A5-65F8-49EF-A04B-0941DD8482EB}.Release|Any CPU.Build.0 = Release|Any CPU
		{B95D780F-103E-4AB9-8822-30027691170E}.Debug|Any CPU.ActiveCfg = Debug|Any CPU
		{B95D780F-103E-4AB9-8822-30027691170E}.Debug|Any CPU.Build.0 = Debug|Any CPU
		{B95D780F-103E-4AB9-8822-30027691170E}.Release|Any CPU.ActiveCfg = Release|Any CPU
		{B95D780F-103E-4AB9-8822-30027691170E}.Release|Any CPU.Build.0 = Release|Any CPU
		{54A28C6C-DB79-44DE-8BDA-86B4C5081269}.Debug|Any CPU.ActiveCfg = Debug|Any CPU
		{54A28C6C-DB79-44DE-8BDA-86B4C5081269}.Debug|Any CPU.Build.0 = Debug|Any CPU
		{54A28C6C-DB79-44DE-8BDA-86B4C5081269}.Release|Any CPU.ActiveCfg = Release|Any CPU
		{54A28C6C-DB79-44DE-8BDA-86B4C5081269}.Release|Any CPU.Build.0 = Release|Any CPU
		{081B8EEA-BAA6-4CFE-AF98-12672E06DC8B}.Debug|Any CPU.ActiveCfg = Debug|Any CPU
		{081B8EEA-BAA6-4CFE-AF98-12672E06DC8B}.Debug|Any CPU.Build.0 = Debug|Any CPU
		{081B8EEA-BAA6-4CFE-AF98-12672E06DC8B}.Release|Any CPU.ActiveCfg = Release|Any CPU
		{081B8EEA-BAA6-4CFE-AF98-12672E06DC8B}.Release|Any CPU.Build.0 = Release|Any CPU
		{055805F5-AD26-427E-905A-143E968F012D}.Debug|Any CPU.ActiveCfg = Debug|Any CPU
		{055805F5-AD26-427E-905A-143E968F012D}.Debug|Any CPU.Build.0 = Debug|Any CPU
		{055805F5-AD26-427E-905A-143E968F012D}.Release|Any CPU.ActiveCfg = Release|Any CPU
		{055805F5-AD26-427E-905A-143E968F012D}.Release|Any CPU.Build.0 = Release|Any CPU
	EndGlobalSection
	GlobalSection(SolutionProperties) = preSolution
		HideSolutionNode = FALSE
	EndGlobalSection
EndGlobal
